
Microsoft Visual Studio Solution File, Format Version 12.00
# Visual Studio Version 17
VisualStudioVersion = 17.10.34916.146
MinimumVisualStudioVersion = 10.0.40219.1
Project("{FAE04EC0-301F-11D3-BF4B-00C04F79EFBC}") = "FunctionalConcepts", "src\FunctionalConcepts.csproj", "{3E27050A-EEF9-4AF7-882C-9E79310C24BD}"
EndProject
Project("{FAE04EC0-301F-11D3-BF4B-00C04F79EFBC}") = "FunctionalConcepts.Tests", "tests\FunctionalConcepts.Tests.csproj", "{D40C0666-2C6B-419A-A140-0C08FC4DDA47}"
EndProject
Global
	GlobalSection(SolutionConfigurationPlatforms) = preSolution
		Debug|Any CPU = Debug|Any CPU
		Release|Any CPU = Release|Any CPU
	EndGlobalSection
	GlobalSection(ProjectConfigurationPlatforms) = postSolution
		{3E27050A-EEF9-4AF7-882C-9E79310C24BD}.Debug|Any CPU.ActiveCfg = Debug|Any CPU
		{3E27050A-EEF9-4AF7-882C-9E79310C24BD}.Debug|Any CPU.Build.0 = Debug|Any CPU
		{3E27050A-EEF9-4AF7-882C-9E79310C24BD}.Release|Any CPU.ActiveCfg = Release|Any CPU
		{3E27050A-EEF9-4AF7-882C-9E79310C24BD}.Release|Any CPU.Build.0 = Release|Any CPU
		{D40C0666-2C6B-419A-A140-0C08FC4DDA47}.Debug|Any CPU.ActiveCfg = Debug|Any CPU
		{D40C0666-2C6B-419A-A140-0C08FC4DDA47}.Debug|Any CPU.Build.0 = Debug|Any CPU
		{D40C0666-2C6B-419A-A140-0C08FC4DDA47}.Release|Any CPU.ActiveCfg = Release|Any CPU
		{D40C0666-2C6B-419A-A140-0C08FC4DDA47}.Release|Any CPU.Build.0 = Release|Any CPU
	EndGlobalSection
	GlobalSection(SolutionProperties) = preSolution
		HideSolutionNode = FALSE
	EndGlobalSection
	GlobalSection(ExtensibilityGlobals) = postSolution
		SolutionGuid = {08E1C57A-1422-476A-BF01-B057A6AA3ACD}
	EndGlobalSection
EndGlobal
